
Microsoft Visual Studio Solution File, Format Version 12.00
# Visual Studio Version 17
VisualStudioVersion = 17.9.34728.123
MinimumVisualStudioVersion = 10.0.40219.1
Project("{9A19103F-16F7-4668-BE54-9A1E7A4F7556}") = "WebApi", "WebApi\WebApi.csproj", "{59D2D152-DC9D-4DD2-A9F5-95728FB61C0E}"
EndProject
Global
	GlobalSection(SolutionConfigurationPlatforms) = preSolution
		Debug|Any CPU = Debug|Any CPU
		Release|Any CPU = Release|Any CPU
	EndGlobalSection
	GlobalSection(ProjectConfigurationPlatforms) = postSolution
		{59D2D152-DC9D-4DD2-A9F5-95728FB61C0E}.Debug|Any CPU.ActiveCfg = Debug|Any CPU
		{59D2D152-DC9D-4DD2-A9F5-95728FB61C0E}.Debug|Any CPU.Build.0 = Debug|Any CPU
		{59D2D152-DC9D-4DD2-A9F5-95728FB61C0E}.Release|Any CPU.ActiveCfg = Release|Any CPU
		{59D2D152-DC9D-4DD2-A9F5-95728FB61C0E}.Release|Any CPU.Build.0 = Release|Any CPU
	EndGlobalSection
	GlobalSection(SolutionProperties) = preSolution
		HideSolutionNode = FALSE
	EndGlobalSection
	GlobalSection(ExtensibilityGlobals) = postSolution
		SolutionGuid = {1CD0BD2C-7ACB-4E3E-9566-774762E3A6A0}
	EndGlobalSection
EndGlobal
